{
  "name": "@supportclaw/pixverse-provider",
  "version": "2026.6.9",
  "lockfileVersion": 3,
  "requires": true,
  "packages": {
    "": {
      "name": "@supportclaw/pixverse-provider",
      "version": "2026.6.9",
      "peerDependencies": {
        "supportClaw": ">=2026.6.9"
      },
      "peerDependenciesMeta": {
        "supportClaw": {
          "optional": true
        }
      }
    }
  }
}
